
Microsoft Visual Studio Solution File, Format Version 12.00
# Visual Studio Version 17
VisualStudioVersion = 17.9.34728.123
MinimumVisualStudioVersion = 10.0.40219.1
Project("{9A19103F-16F7-4668-BE54-9A1E7A4F7556}") = "Papeleria.Web", "Papeleria.Web\Papeleria.Web.csproj", "{26B9B2DD-9971-43C6-9828-2A811715AD2B}"
	ProjectSection(ProjectDependencies) = postProject
		{A09AAD32-C18E-4287-9807-006809FD7D53} = {A09AAD32-C18E-4287-9807-006809FD7D53}
		{BE266163-8285-48AA-87A2-0BA034240463} = {BE266163-8285-48AA-87A2-0BA034240463}
	EndProjectSection
EndProject
Project("{9A19103F-16F7-4668-BE54-9A1E7A4F7556}") = "DataAccess", "DataAccess\DataAccess.csproj", "{A09AAD32-C18E-4287-9807-006809FD7D53}"
	ProjectSection(ProjectDependencies) = postProject
		{BE266163-8285-48AA-87A2-0BA034240463} = {BE266163-8285-48AA-87A2-0BA034240463}
	EndProjectSection
EndProject
Project("{9A19103F-16F7-4668-BE54-9A1E7A4F7556}") = "AppLogic", "AppLogic\AppLogic.csproj", "{1537D4D5-A44E-4612-9D35-819819A8599D}"
	ProjectSection(ProjectDependencies) = postProject
		{BE266163-8285-48AA-87A2-0BA034240463} = {BE266163-8285-48AA-87A2-0BA034240463}
	EndProjectSection
EndProject
Project("{9A19103F-16F7-4668-BE54-9A1E7A4F7556}") = "BusinessLogic", "BusinessLogic\BusinessLogic.csproj", "{BE266163-8285-48AA-87A2-0BA034240463}"
EndProject
Global
	GlobalSection(SolutionConfigurationPlatforms) = preSolution
		Debug|Any CPU = Debug|Any CPU
		Release|Any CPU = Release|Any CPU
	EndGlobalSection
	GlobalSection(ProjectConfigurationPlatforms) = postSolution
		{26B9B2DD-9971-43C6-9828-2A811715AD2B}.Debug|Any CPU.ActiveCfg = Debug|Any CPU
		{26B9B2DD-9971-43C6-9828-2A811715AD2B}.Debug|Any CPU.Build.0 = Debug|Any CPU
		{26B9B2DD-9971-43C6-9828-2A811715AD2B}.Release|Any CPU.ActiveCfg = Release|Any CPU
		{26B9B2DD-9971-43C6-9828-2A811715AD2B}.Release|Any CPU.Build.0 = Release|Any CPU
		{A09AAD32-C18E-4287-9807-006809FD7D53}.Debug|Any CPU.ActiveCfg = Debug|Any CPU
		{A09AAD32-C18E-4287-9807-006809FD7D53}.Debug|Any CPU.Build.0 = Debug|Any CPU
		{A09AAD32-C18E-4287-9807-006809FD7D53}.Release|Any CPU.ActiveCfg = Release|Any CPU
		{A09AAD32-C18E-4287-9807-006809FD7D53}.Release|Any CPU.Build.0 = Release|Any CPU
		{1537D4D5-A44E-4612-9D35-819819A8599D}.Debug|Any CPU.ActiveCfg = Debug|Any CPU
		{1537D4D5-A44E-4612-9D35-819819A8599D}.Debug|Any CPU.Build.0 = Debug|Any CPU
		{1537D4D5-A44E-4612-9D35-819819A8599D}.Release|Any CPU.ActiveCfg = Release|Any CPU
		{1537D4D5-A44E-4612-9D35-819819A8599D}.Release|Any CPU.Build.0 = Release|Any CPU
		{BE266163-8285-48AA-87A2-0BA034240463}.Debug|Any CPU.ActiveCfg = Debug|Any CPU
		{BE266163-8285-48AA-87A2-0BA034240463}.Debug|Any CPU.Build.0 = Debug|Any CPU
		{BE266163-8285-48AA-87A2-0BA034240463}.Release|Any CPU.ActiveCfg = Release|Any CPU
		{BE266163-8285-48AA-87A2-0BA034240463}.Release|Any CPU.Build.0 = Release|Any CPU
	EndGlobalSection
	GlobalSection(SolutionProperties) = preSolution
		HideSolutionNode = FALSE
	EndGlobalSection
	GlobalSection(ExtensibilityGlobals) = postSolution
		SolutionGuid = {34965C22-D424-42EF-A661-A0B57209B4AF}
	EndGlobalSection
EndGlobal
